
Microsoft Visual Studio Solution File, Format Version 12.00
# Visual Studio Version 17
VisualStudioVersion = 17.3.32901.215
MinimumVisualStudioVersion = 10.0.40219.1
Project("{8BC9CEB8-8B4A-11D0-8D11-00A0C91BC942}") = "lab_8.1_r", "lab_8.1_r\lab_8.1_r.vcxproj", "{4B6B40E9-38FD-4356-9143-BB350098D10B}"
EndProject
Project("{8BC9CEB8-8B4A-11D0-8D11-00A0C91BC942}") = "UnitTest8.1_r", "UnitTest8.1_r\UnitTest8.1_r.vcxproj", "{6581C920-BEC2-48F4-92B7-BEBE999EC899}"
EndProject
Global
	GlobalSection(SolutionConfigurationPlatforms) = preSolution
		Debug|x64 = Debug|x64
		Debug|x86 = Debug|x86
		Release|x64 = Release|x64
		Release|x86 = Release|x86
	EndGlobalSection
	GlobalSection(ProjectConfigurationPlatforms) = postSolution
		{4B6B40E9-38FD-4356-9143-BB350098D10B}.Debug|x64.ActiveCfg = Debug|x64
		{4B6B40E9-38FD-4356-9143-BB350098D10B}.Debug|x64.Build.0 = Debug|x64
		{4B6B40E9-38FD-4356-9143-BB350098D10B}.Debug|x86.ActiveCfg = Debug|Win32
		{4B6B40E9-38FD-4356-9143-BB350098D10B}.Debug|x86.Build.0 = Debug|Win32
		{4B6B40E9-38FD-4356-9143-BB350098D10B}.Release|x64.ActiveCfg = Release|x64
		{4B6B40E9-38FD-4356-9143-BB350098D10B}.Release|x64.Build.0 = Release|x64
		{4B6B40E9-38FD-4356-9143-BB350098D10B}.Release|x86.ActiveCfg = Release|Win32
		{4B6B40E9-38FD-4356-9143-BB350098D10B}.Release|x86.Build.0 = Release|Win32
		{6581C920-BEC2-48F4-92B7-BEBE999EC899}.Debug|x64.ActiveCfg = Debug|x64
		{6581C920-BEC2-48F4-92B7-BEBE999EC899}.Debug|x64.Build.0 = Debug|x64
		{6581C920-BEC2-48F4-92B7-BEBE999EC899}.Debug|x86.ActiveCfg = Debug|Win32
		{6581C920-BEC2-48F4-92B7-BEBE999EC899}.Debug|x86.Build.0 = Debug|Win32
		{6581C920-BEC2-48F4-92B7-BEBE999EC899}.Release|x64.ActiveCfg = Release|x64
		{6581C920-BEC2-48F4-92B7-BEBE999EC899}.Release|x64.Build.0 = Release|x64
		{6581C920-BEC2-48F4-92B7-BEBE999EC899}.Release|x86.ActiveCfg = Release|Win32
		{6581C920-BEC2-48F4-92B7-BEBE999EC899}.Release|x86.Build.0 = Release|Win32
	EndGlobalSection
	GlobalSection(SolutionProperties) = preSolution
		HideSolutionNode = FALSE
	EndGlobalSection
	GlobalSection(ExtensibilityGlobals) = postSolution
		SolutionGuid = {9832CF8A-F0F4-468B-A881-C47CA2503E4D}
	EndGlobalSection
EndGlobal
